
Microsoft Visual Studio Solution File, Format Version 12.00
# Visual Studio 14
VisualStudioVersion = 14.0.23107.0
MinimumVisualStudioVersion = 10.0.40219.1
Project("{888888A0-9F3D-457C-B088-3A5042F75D52}") = "Tut4_101013798_larose", "Tut4_101013798_larose\Tut4_101013798_larose.pyproj", "{1A0EEE00-5E21-436C-875B-D124DB97BFFC}"
EndProject
Global
	GlobalSection(SolutionConfigurationPlatforms) = preSolution
		Debug|Any CPU = Debug|Any CPU
		Release|Any CPU = Release|Any CPU
	EndGlobalSection
	GlobalSection(ProjectConfigurationPlatforms) = postSolution
		{1A0EEE00-5E21-436C-875B-D124DB97BFFC}.Debug|Any CPU.ActiveCfg = Debug|Any CPU
		{1A0EEE00-5E21-436C-875B-D124DB97BFFC}.Release|Any CPU.ActiveCfg = Release|Any CPU
	EndGlobalSection
	GlobalSection(SolutionProperties) = preSolution
		HideSolutionNode = FALSE
	EndGlobalSection
EndGlobal
